
Microsoft Visual Studio Solution File, Format Version 12.00
# Visual Studio Version 17
VisualStudioVersion = 17.7.34018.315
MinimumVisualStudioVersion = 10.0.40219.1
Project("{2150E333-8FDC-42A3-9474-1A3956D46DE8}") = "Core", "Core", "{B59E716B-43D1-49C7-9BD7-39F7E74673A1}"
EndProject
Project("{2150E333-8FDC-42A3-9474-1A3956D46DE8}") = "Infrastructure", "Infrastructure", "{70F2D714-3122-40AD-99F9-17267202148A}"
EndProject
Project("{2150E333-8FDC-42A3-9474-1A3956D46DE8}") = "MVC", "MVC", "{D1B7EFA0-0866-4B12-AC44-442DA26B9C2F}"
EndProject
Project("{9A19103F-16F7-4668-BE54-9A1E7A4F7556}") = "CleanArchitecture.Domain", "CleanArchitecture.Domain\CleanArchitecture.Domain.csproj", "{191192E1-C8A4-4E3A-9CA9-CEC91189B21E}"
EndProject
Project("{9A19103F-16F7-4668-BE54-9A1E7A4F7556}") = "CleanArchitecture.Application", "CleanArchitecture.Application\CleanArchitecture.Application.csproj", "{1E2A70A7-41FE-49FD-B739-AA78E7C86F3E}"
EndProject
Project("{9A19103F-16F7-4668-BE54-9A1E7A4F7556}") = "CleanArchitecture.Infra.Data", "CleanArchitecture.Infra.Data\CleanArchitecture.Infra.Data.csproj", "{B56203D3-F7B5-4313-8BC5-712F05EAADFA}"
EndProject
Project("{9A19103F-16F7-4668-BE54-9A1E7A4F7556}") = "CleanArchitecture.Infra.IoC", "CleanArchitecture.Infra.IoC\CleanArchitecture.Infra.IoC.csproj", "{F711D44D-0D8F-4149-827E-C4BD1B02137D}"
EndProject
Project("{9A19103F-16F7-4668-BE54-9A1E7A4F7556}") = "CleanArchitecture.WebApi", "CleanArchitecture.WebApi\CleanArchitecture.WebApi.csproj", "{7C0D9D82-B43A-49CA-ACA3-6349AF1EBA70}"
EndProject
Project("{FAE04EC0-301F-11D3-BF4B-00C04F79EFBC}") = "CleanArchitecture.Domain.Tests", "CleanArchitecture.Domain.Tests\CleanArchitecture.Domain.Tests.csproj", "{5BD4091F-D891-41CA-9F48-5AAF5E7B85AE}"
EndProject
Global
	GlobalSection(SolutionConfigurationPlatforms) = preSolution
		Debug|Any CPU = Debug|Any CPU
		Release|Any CPU = Release|Any CPU
	EndGlobalSection
	GlobalSection(ProjectConfigurationPlatforms) = postSolution
		{191192E1-C8A4-4E3A-9CA9-CEC91189B21E}.Debug|Any CPU.ActiveCfg = Debug|Any CPU
		{191192E1-C8A4-4E3A-9CA9-CEC91189B21E}.Debug|Any CPU.Build.0 = Debug|Any CPU
		{191192E1-C8A4-4E3A-9CA9-CEC91189B21E}.Release|Any CPU.ActiveCfg = Release|Any CPU
		{191192E1-C8A4-4E3A-9CA9-CEC91189B21E}.Release|Any CPU.Build.0 = Release|Any CPU
		{1E2A70A7-41FE-49FD-B739-AA78E7C86F3E}.Debug|Any CPU.ActiveCfg = Debug|Any CPU
		{1E2A70A7-41FE-49FD-B739-AA78E7C86F3E}.Debug|Any CPU.Build.0 = Debug|Any CPU
		{1E2A70A7-41FE-49FD-B739-AA78E7C86F3E}.Release|Any CPU.ActiveCfg = Release|Any CPU
		{1E2A70A7-41FE-49FD-B739-AA78E7C86F3E}.Release|Any CPU.Build.0 = Release|Any CPU
		{B56203D3-F7B5-4313-8BC5-712F05EAADFA}.Debug|Any CPU.ActiveCfg = Debug|Any CPU
		{B56203D3-F7B5-4313-8BC5-712F05EAADFA}.Debug|Any CPU.Build.0 = Debug|Any CPU
		{B56203D3-F7B5-4313-8BC5-712F05EAADFA}.Release|Any CPU.ActiveCfg = Release|Any CPU
		{B56203D3-F7B5-4313-8BC5-712F05EAADFA}.Release|Any CPU.Build.0 = Release|Any CPU
		{F711D44D-0D8F-4149-827E-C4BD1B02137D}.Debug|Any CPU.ActiveCfg = Debug|Any CPU
		{F711D44D-0D8F-4149-827E-C4BD1B02137D}.Debug|Any CPU.Build.0 = Debug|Any CPU
		{F711D44D-0D8F-4149-827E-C4BD1B02137D}.Release|Any CPU.ActiveCfg = Release|Any CPU
		{F711D44D-0D8F-4149-827E-C4BD1B02137D}.Release|Any CPU.Build.0 = Release|Any CPU
		{7C0D9D82-B43A-49CA-ACA3-6349AF1EBA70}.Debug|Any CPU.ActiveCfg = Debug|Any CPU
		{7C0D9D82-B43A-49CA-ACA3-6349AF1EBA70}.Debug|Any CPU.Build.0 = Debug|Any CPU
		{7C0D9D82-B43A-49CA-ACA3-6349AF1EBA70}.Release|Any CPU.ActiveCfg = Release|Any CPU
		{7C0D9D82-B43A-49CA-ACA3-6349AF1EBA70}.Release|Any CPU.Build.0 = Release|Any CPU
		{5BD4091F-D891-41CA-9F48-5AAF5E7B85AE}.Debug|Any CPU.ActiveCfg = Debug|Any CPU
		{5BD4091F-D891-41CA-9F48-5AAF5E7B85AE}.Debug|Any CPU.Build.0 = Debug|Any CPU
		{5BD4091F-D891-41CA-9F48-5AAF5E7B85AE}.Release|Any CPU.ActiveCfg = Release|Any CPU
		{5BD4091F-D891-41CA-9F48-5AAF5E7B85AE}.Release|Any CPU.Build.0 = Release|Any CPU
	EndGlobalSection
	GlobalSection(SolutionProperties) = preSolution
		HideSolutionNode = FALSE
	EndGlobalSection
	GlobalSection(NestedProjects) = preSolution
		{191192E1-C8A4-4E3A-9CA9-CEC91189B21E} = {B59E716B-43D1-49C7-9BD7-39F7E74673A1}
		{1E2A70A7-41FE-49FD-B739-AA78E7C86F3E} = {B59E716B-43D1-49C7-9BD7-39F7E74673A1}
		{B56203D3-F7B5-4313-8BC5-712F05EAADFA} = {70F2D714-3122-40AD-99F9-17267202148A}
		{F711D44D-0D8F-4149-827E-C4BD1B02137D} = {70F2D714-3122-40AD-99F9-17267202148A}
		{7C0D9D82-B43A-49CA-ACA3-6349AF1EBA70} = {D1B7EFA0-0866-4B12-AC44-442DA26B9C2F}
		{5BD4091F-D891-41CA-9F48-5AAF5E7B85AE} = {B59E716B-43D1-49C7-9BD7-39F7E74673A1}
	EndGlobalSection
	GlobalSection(ExtensibilityGlobals) = postSolution
		SolutionGuid = {2E9CCBE1-9325-4213-9A08-F15757CAD830}
	EndGlobalSection
EndGlobal
